
Microsoft Visual Studio Solution File, Format Version 12.00
# Visual Studio Version 16
VisualStudioVersion = 16.0.31624.102
MinimumVisualStudioVersion = 10.0.40219.1
Project("{FAE04EC0-301F-11D3-BF4B-00C04F79EFBC}") = "MVC_Product_Manager", "MVC_Product_Manager\MVC_Product_Manager.csproj", "{33C506E8-EF21-4D6A-A3F5-1CB97E78BED7}"
EndProject
Global
	GlobalSection(SolutionConfigurationPlatforms) = preSolution
		Debug|Any CPU = Debug|Any CPU
		Release|Any CPU = Release|Any CPU
	EndGlobalSection
	GlobalSection(ProjectConfigurationPlatforms) = postSolution
		{33C506E8-EF21-4D6A-A3F5-1CB97E78BED7}.Debug|Any CPU.ActiveCfg = Debug|Any CPU
		{33C506E8-EF21-4D6A-A3F5-1CB97E78BED7}.Debug|Any CPU.Build.0 = Debug|Any CPU
		{33C506E8-EF21-4D6A-A3F5-1CB97E78BED7}.Release|Any CPU.ActiveCfg = Release|Any CPU
		{33C506E8-EF21-4D6A-A3F5-1CB97E78BED7}.Release|Any CPU.Build.0 = Release|Any CPU
	EndGlobalSection
	GlobalSection(SolutionProperties) = preSolution
		HideSolutionNode = FALSE
	EndGlobalSection
	GlobalSection(ExtensibilityGlobals) = postSolution
		SolutionGuid = {8D22893B-F13B-485E-B598-63AE21FD6F0F}
	EndGlobalSection
EndGlobal
